{
    "_readme": [
        "This file locks the dependencies of your project to a known state",
        "Read more about it at http://getcomposer.org/doc/01-basic-usage.md#composer-lock-the-lock-file"
    ],
    "hash": "34e45c16698fa02bb7aa261140553a54",
    "packages": [
        {
            "name": "cundd/noshi",
            "version": "dev-master",
            "source": {
                "type": "git",
                "url": "https://github.com/cundd/noshi.git",
                "reference": "a3fa6bda7279a044115bdbb7b39f92001da6b0db"
            },
            "dist": {
                "type": "zip",
                "url": "https://api.github.com/repos/cundd/noshi/zipball/a3fa6bda7279a044115bdbb7b39f92001da6b0db",
                "reference": "a3fa6bda7279a044115bdbb7b39f92001da6b0db",
                "shasum": ""
            },
            "require": {
                "cundd/noshi-website": "dev-master",
                "erusev/parsedown": "dev-master"
            },
            "type": "library",
            "autoload": {
                "psr-0": {
                    "Cundd\\Noshi\\": "Classes/"
                }
            },
            "notification-url": "https://packagist.org/downloads/",
            "license": [
                "MIT"
            ],
            "authors": [
                {
                    "name": "Daniel Corn",
                    "email": "d@cundd.net"
                }
            ],
            "description": "The no shi* CMS",
            "time": "2014-03-16 18:33:09"
        },
        {
            "name": "cundd/noshi-website",
            "version": "dev-master",
            "source": {
                "type": "git",
                "url": "https://github.com/cundd/noshi-website.git",
                "reference": "96e8bb4fb9175869ff6c253cefbafb7771d86ce5"
            },
            "dist": {
                "type": "zip",
                "url": "https://api.github.com/repos/cundd/noshi-website/zipball/96e8bb4fb9175869ff6c253cefbafb7771d86ce5",
                "reference": "96e8bb4fb9175869ff6c253cefbafb7771d86ce5",
                "shasum": ""
            },
            "require": {
                "cundd/noshi": "*"
            },
            "require-dev": {
                "zurb/foundation": "v5.1.1"
            },
            "type": "library",
            "autoload": {
                "psr-4": {
                    "Cundd\\NoshiWebsite\\": "Classes/"
                }
            },
            "notification-url": "https://packagist.org/downloads/",
            "license": [
                "MIT"
            ],
            "authors": [
                {
                    "name": "Daniel Corn",
                    "email": "info@cundd.net"
                }
            ],
            "description": "Theme for the NoShi website",
            "time": "2014-03-16 18:54:30"
        },
        {
            "name": "erusev/parsedown",
            "version": "dev-master",
            "source": {
                "type": "git",
                "url": "https://github.com/erusev/parsedown.git",
                "reference": "7ef45894a7264ba5946d34caa61e7f0d83ed9dc0"
            },
            "dist": {
                "type": "zip",
                "url": "https://api.github.com/repos/erusev/parsedown/zipball/7ef45894a7264ba5946d34caa61e7f0d83ed9dc0",
                "reference": "7ef45894a7264ba5946d34caa61e7f0d83ed9dc0",
                "shasum": ""
            },
            "type": "library",
            "autoload": {
                "psr-0": {
                    "Parsedown": ""
                }
            },
            "notification-url": "https://packagist.org/downloads/",
            "license": [
                "MIT"
            ],
            "authors": [
                {
                    "name": "Emanuil Rusev",
                    "email": "hello@erusev.com",
                    "homepage": "http://erusev.com"
                }
            ],
            "description": "Parser for Markdown.",
            "homepage": "http://parsedown.org",
            "keywords": [
                "markdown",
                "parser"
            ],
            "time": "2014-02-28 12:05:10"
        }
    ],
    "packages-dev": [

    ],
    "aliases": [

    ],
    "minimum-stability": "dev",
    "stability-flags": [

    ],
    "platform": [

    ],
    "platform-dev": [

    ]
}
